
Microsoft Visual Studio Solution File, Format Version 12.00
# Visual Studio 15
VisualStudioVersion = 15.0.34526.175
MinimumVisualStudioVersion = 10.0.40219.1
Project("{FAE04EC0-301F-11D3-BF4B-00C04F79EFBC}") = "SchoolEdu", "SchoolEdu\SchoolEdu.csproj", "{91047D2F-CA52-4114-9D6C-68E5C591FF54}"
EndProject
Project("{FAE04EC0-301F-11D3-BF4B-00C04F79EFBC}") = "SchoolEdu_Server", "SchoolEdu_Server\SchoolEdu_Server.csproj", "{7D7F4151-491F-471C-BCCB-08BBF4A5DE21}"
EndProject
Global
	GlobalSection(SolutionConfigurationPlatforms) = preSolution
		Debug|Any CPU = Debug|Any CPU
		Release|Any CPU = Release|Any CPU
	EndGlobalSection
	GlobalSection(ProjectConfigurationPlatforms) = postSolution
		{91047D2F-CA52-4114-9D6C-68E5C591FF54}.Debug|Any CPU.ActiveCfg = Debug|Any CPU
		{91047D2F-CA52-4114-9D6C-68E5C591FF54}.Debug|Any CPU.Build.0 = Debug|Any CPU
		{91047D2F-CA52-4114-9D6C-68E5C591FF54}.Release|Any CPU.ActiveCfg = Release|Any CPU
		{91047D2F-CA52-4114-9D6C-68E5C591FF54}.Release|Any CPU.Build.0 = Release|Any CPU
		{7D7F4151-491F-471C-BCCB-08BBF4A5DE21}.Debug|Any CPU.ActiveCfg = Debug|Any CPU
		{7D7F4151-491F-471C-BCCB-08BBF4A5DE21}.Debug|Any CPU.Build.0 = Debug|Any CPU
		{7D7F4151-491F-471C-BCCB-08BBF4A5DE21}.Release|Any CPU.ActiveCfg = Release|Any CPU
		{7D7F4151-491F-471C-BCCB-08BBF4A5DE21}.Release|Any CPU.Build.0 = Release|Any CPU
	EndGlobalSection
	GlobalSection(SolutionProperties) = preSolution
		HideSolutionNode = FALSE
	EndGlobalSection
	GlobalSection(ExtensibilityGlobals) = postSolution
		SolutionGuid = {886F3E25-2104-4ECB-8A3D-2B9C87551D3A}
	EndGlobalSection
EndGlobal
